
Microsoft Visual Studio Solution File, Format Version 12.00
# Visual Studio 15
VisualStudioVersion = 15.0.26730.12
MinimumVisualStudioVersion = 10.0.40219.1
Project("{FAE04EC0-301F-11D3-BF4B-00C04F79EFBC}") = "Jeu_Du_Devin_inverser", "Jeu_Du_Devin_inverser\Jeu_Du_Devin_inverser.csproj", "{E935F916-A0E3-4BA8-BAF7-B5E73EFF1B1A}"
EndProject
Global
	GlobalSection(SolutionConfigurationPlatforms) = preSolution
		Debug|Any CPU = Debug|Any CPU
		Release|Any CPU = Release|Any CPU
	EndGlobalSection
	GlobalSection(ProjectConfigurationPlatforms) = postSolution
		{E935F916-A0E3-4BA8-BAF7-B5E73EFF1B1A}.Debug|Any CPU.ActiveCfg = Debug|Any CPU
		{E935F916-A0E3-4BA8-BAF7-B5E73EFF1B1A}.Debug|Any CPU.Build.0 = Debug|Any CPU
		{E935F916-A0E3-4BA8-BAF7-B5E73EFF1B1A}.Release|Any CPU.ActiveCfg = Release|Any CPU
		{E935F916-A0E3-4BA8-BAF7-B5E73EFF1B1A}.Release|Any CPU.Build.0 = Release|Any CPU
	EndGlobalSection
	GlobalSection(SolutionProperties) = preSolution
		HideSolutionNode = FALSE
	EndGlobalSection
	GlobalSection(ExtensibilityGlobals) = postSolution
		SolutionGuid = {698F0E39-ACAB-48FE-90CF-586DF56FF59E}
	EndGlobalSection
EndGlobal
